// !$*UTF8*$!
{
	archiveVersion = 1;
	classes = {
	};
	objectVersion = 56;
	objects = {

/* Begin PBXFileReference section */
		BD73C3D22CC84EF900C47842 /* index.html */ = {isa = PBXFileReference; lastKnownFileType = text.html; path = index.html; sourceTree = "<group>"; };
		BD73C3D32CC84F1800C47842 /* styles.css */ = {isa = PBXFileReference; lastKnownFileType = text.css; path = styles.css; sourceTree = "<group>"; };
		BD73C3ED2CC9CD5C00C47842 /* CosmonautSuit_en.reality */ = {isa = PBXFileReference; lastKnownFileType = file; path = CosmonautSuit_en.reality; sourceTree = "<group>"; };
		BD73C3F02CC9CD5C00C47842 /* logo.png */ = {isa = PBXFileReference; lastKnownFileType = image.png; path = logo.png; sourceTree = "<group>"; };
		BD73C3F12CC9CD5C00C47842 /* sneaker_airforce.usdz */ = {isa = PBXFileReference; lastKnownFileType = file.usdz; path = sneaker_airforce.usdz; sourceTree = "<group>"; };
		BD73C3F22CC9CD5C00C47842 /* thumbnail.png */ = {isa = PBXFileReference; lastKnownFileType = image.png; path = thumbnail.png; sourceTree = "<group>"; };
		BD73C3F32CC9CD5C00C47842 /* thumnail-CosmonautSuit.png */ = {isa = PBXFileReference; lastKnownFileType = image.png; path = "thumnail-CosmonautSuit.png"; sourceTree = "<group>"; };
		BD73C3F52CC9CF5400C47842 /* hero.png */ = {isa = PBXFileReference; lastKnownFileType = image.png; path = hero.png; sourceTree = "<group>"; };
		BD73C3F62CC9CF9800C47842 /* main.js */ = {isa = PBXFileReference; lastKnownFileType = sourcecode.javascript; path = main.js; sourceTree = "<group>"; };
		BD73C3F92CCD693500C47842 /* heroImage.heic */ = {isa = PBXFileReference; lastKnownFileType = file; path = heroImage.heic; sourceTree = "<group>"; };
		BD73C3FA2CCD870500C47842 /* panorama.jpg */ = {isa = PBXFileReference; lastKnownFileType = image.jpeg; path = panorama.jpg; sourceTree = "<group>"; };
		BD73C3FB2CCF205300C47842 /* 3D-guide.png */ = {isa = PBXFileReference; lastKnownFileType = image.png; path = "3D-guide.png"; sourceTree = "<group>"; };
		BD73C3FD2CD0221C00C47842 /* Background+Border-1.png */ = {isa = PBXFileReference; lastKnownFileType = image.png; path = "Background+Border-1.png"; sourceTree = "<group>"; };
		BD73C3FE2CD0221C00C47842 /* Background+Border-2.png */ = {isa = PBXFileReference; lastKnownFileType = image.png; path = "Background+Border-2.png"; sourceTree = "<group>"; };
		BD73C3FF2CD0221C00C47842 /* Background+Border-3.png */ = {isa = PBXFileReference; lastKnownFileType = image.png; path = "Background+Border-3.png"; sourceTree = "<group>"; };
		BD73C4002CD0221C00C47842 /* Background+Border-4.png */ = {isa = PBXFileReference; lastKnownFileType = image.png; path = "Background+Border-4.png"; sourceTree = "<group>"; };
		BD73C4012CD0221C00C47842 /* Background+Border-5.png */ = {isa = PBXFileReference; lastKnownFileType = image.png; path = "Background+Border-5.png"; sourceTree = "<group>"; };
		BD73C4022CD0221C00C47842 /* Background+Border-6.png */ = {isa = PBXFileReference; lastKnownFileType = image.png; path = "Background+Border-6.png"; sourceTree = "<group>"; };
		BD73C4032CD0221C00C47842 /* Background+Border-7.png */ = {isa = PBXFileReference; lastKnownFileType = image.png; path = "Background+Border-7.png"; sourceTree = "<group>"; };
		BD73C4042CD0221C00C47842 /* Background+Border.png */ = {isa = PBXFileReference; lastKnownFileType = image.png; path = "Background+Border.png"; sourceTree = "<group>"; };
		BD73C4062CD023D300C47842 /* warrantu-1.png */ = {isa = PBXFileReference; lastKnownFileType = image.png; path = "warrantu-1.png"; sourceTree = "<group>"; };
		BD73C4072CD023D300C47842 /* warrantu-0.png */ = {isa = PBXFileReference; lastKnownFileType = image.png; path = "warrantu-0.png"; sourceTree = "<group>"; };
		BD73C4082CD023D300C47842 /* warrantu-2.png */ = {isa = PBXFileReference; lastKnownFileType = image.png; path = "warrantu-2.png"; sourceTree = "<group>"; };
		BD9BA4E42CD93A5500BDAEA5 /* vercel.json */ = {isa = PBXFileReference; lastKnownFileType = text.json; path = vercel.json; sourceTree = "<group>"; };
		BD9BA4E72CDAF8E000BDAEA5 /* htaccess.md */ = {isa = PBXFileReference; lastKnownFileType = net.daringfireball.markdown; path = htaccess.md; sourceTree = "<group>"; };
		BD9BA4EA2CDD740900BDAEA5 /* zebra.usdz */ = {isa = PBXFileReference; lastKnownFileType = file.usdz; path = zebra.usdz; sourceTree = "<group>"; };
		BD9BA4EE2CE419E200BDAEA5 /* bike.reality */ = {isa = PBXFileReference; lastKnownFileType = file; path = bike.reality; sourceTree = "<group>"; };
		BD9BA4EF2CE432BD00BDAEA5 /* bike-thumbnail.png */ = {isa = PBXFileReference; lastKnownFileType = image.png; path = "bike-thumbnail.png"; sourceTree = "<group>"; };
/* End PBXFileReference section */

/* Begin PBXGroup section */
		BD73C3CA2CC84E8800C47842 = {
			isa = PBXGroup;
			children = (
				BD9BA4E72CDAF8E000BDAEA5 /* htaccess.md */,
				BD73C3F42CC9CD5C00C47842 /* assets */,
				BD73C3D22CC84EF900C47842 /* index.html */,
				BD9BA4E42CD93A5500BDAEA5 /* vercel.json */,
				BD73C3D32CC84F1800C47842 /* styles.css */,
				BD73C3F62CC9CF9800C47842 /* main.js */,
			);
			sourceTree = "<group>";
		};
		BD73C3F42CC9CD5C00C47842 /* assets */ = {
			isa = PBXGroup;
			children = (
				BD9BA4EF2CE432BD00BDAEA5 /* bike-thumbnail.png */,
				BD9BA4EE2CE419E200BDAEA5 /* bike.reality */,
				BD9BA4EA2CDD740900BDAEA5 /* zebra.usdz */,
				BD73C4072CD023D300C47842 /* warrantu-0.png */,
				BD73C4062CD023D300C47842 /* warrantu-1.png */,
				BD73C4082CD023D300C47842 /* warrantu-2.png */,
				BD73C4052CD0221C00C47842 /* logos */,
				BD73C3FB2CCF205300C47842 /* 3D-guide.png */,
				BD73C3F92CCD693500C47842 /* heroImage.heic */,
				BD73C3F52CC9CF5400C47842 /* hero.png */,
				BD73C3ED2CC9CD5C00C47842 /* CosmonautSuit_en.reality */,
				BD73C3F02CC9CD5C00C47842 /* logo.png */,
				BD73C3FA2CCD870500C47842 /* panorama.jpg */,
				BD73C3F12CC9CD5C00C47842 /* sneaker_airforce.usdz */,
				BD73C3F22CC9CD5C00C47842 /* thumbnail.png */,
				BD73C3F32CC9CD5C00C47842 /* thumnail-CosmonautSuit.png */,
			);
			path = assets;
			sourceTree = "<group>";
		};
		BD73C4052CD0221C00C47842 /* logos */ = {
			isa = PBXGroup;
			children = (
				BD73C3FD2CD0221C00C47842 /* Background+Border-1.png */,
				BD73C3FE2CD0221C00C47842 /* Background+Border-2.png */,
				BD73C3FF2CD0221C00C47842 /* Background+Border-3.png */,
				BD73C4002CD0221C00C47842 /* Background+Border-4.png */,
				BD73C4012CD0221C00C47842 /* Background+Border-5.png */,
				BD73C4022CD0221C00C47842 /* Background+Border-6.png */,
				BD73C4032CD0221C00C47842 /* Background+Border-7.png */,
				BD73C4042CD0221C00C47842 /* Background+Border.png */,
			);
			path = logos;
			sourceTree = "<group>";
		};
/* End PBXGroup section */

/* Begin PBXProject section */
		BD73C3CB2CC84E8800C47842 /* Project object */ = {
			isa = PBXProject;
			attributes = {
				BuildIndependentTargetsInParallel = 1;
				LastUpgradeCheck = 1540;
			};
			buildConfigurationList = BD73C3CE2CC84E8800C47842 /* Build configuration list for PBXProject "spatial-design-project" */;
			compatibilityVersion = "Xcode 14.0";
			developmentRegion = en;
			hasScannedForEncodings = 0;
			knownRegions = (
				en,
				Base,
			);
			mainGroup = BD73C3CA2CC84E8800C47842;
			projectDirPath = "";
			projectRoot = "";
			targets = (
			);
		};
/* End PBXProject section */

/* Begin XCBuildConfiguration section */
		BD73C3CF2CC84E8800C47842 /* Debug */ = {
			isa = XCBuildConfiguration;
			buildSettings = {
			};
			name = Debug;
		};
		BD73C3D02CC84E8800C47842 /* Release */ = {
			isa = XCBuildConfiguration;
			buildSettings = {
			};
			name = Release;
		};
/* End XCBuildConfiguration section */

/* Begin XCConfigurationList section */
		BD73C3CE2CC84E8800C47842 /* Build configuration list for PBXProject "spatial-design-project" */ = {
			isa = XCConfigurationList;
			buildConfigurations = (
				BD73C3CF2CC84E8800C47842 /* Debug */,
				BD73C3D02CC84E8800C47842 /* Release */,
			);
			defaultConfigurationIsVisible = 0;
			defaultConfigurationName = Release;
		};
/* End XCConfigurationList section */
	};
	rootObject = BD73C3CB2CC84E8800C47842 /* Project object */;
}
