// !$*UTF8*$!
{
	archiveVersion = 1;
	classes = {
	};
	objectVersion = 56;
	objects = {

/* Begin PBXFileReference section */
		BD73C3D22CC84EF900C47842 /* index.html */ = {isa = PBXFileReference; lastKnownFileType = text.html; path = index.html; sourceTree = "<group>"; };
		BD73C3D32CC84F1800C47842 /* styles.css */ = {isa = PBXFileReference; lastKnownFileType = text.css; path = styles.css; sourceTree = "<group>"; };
		BD73C3E12CC8600A00C47842 /* CosmonautSuit_en.reality */ = {isa = PBXFileReference; lastKnownFileType = file; path = CosmonautSuit_en.reality; sourceTree = "<group>"; };
		BD73C3E22CC8600A00C47842 /* sneaker_airforce.usdz */ = {isa = PBXFileReference; lastKnownFileType = file.usdz; path = sneaker_airforce.usdz; sourceTree = "<group>"; };
		BD73C3E32CC8600A00C47842 /* thumbnail.png */ = {isa = PBXFileReference; lastKnownFileType = image.png; path = thumbnail.png; sourceTree = "<group>"; };
		BD73C3E42CC8600A00C47842 /* thumnail-CosmonautSuit.png */ = {isa = PBXFileReference; lastKnownFileType = image.png; path = "thumnail-CosmonautSuit.png"; sourceTree = "<group>"; };
		BD73C3E62CC8623C00C47842 /* logo.png */ = {isa = PBXFileReference; lastKnownFileType = image.png; path = logo.png; sourceTree = "<group>"; };
		BD73C3E72CC8623C00C47842 /* hero.png */ = {isa = PBXFileReference; lastKnownFileType = image.png; path = hero.png; sourceTree = "<group>"; };
		BD73C3E82CC9CB3200C47842 /* hero.heic */ = {isa = PBXFileReference; lastKnownFileType = file; name = hero.heic; path = assets/hero.heic; sourceTree = SOURCE_ROOT; };
/* End PBXFileReference section */

/* Begin PBXGroup section */
		BD73C3CA2CC84E8800C47842 = {
			isa = PBXGroup;
			children = (
				BD73C3E52CC8600A00C47842 /* assets */,
				BD73C3D22CC84EF900C47842 /* index.html */,
				BD73C3D32CC84F1800C47842 /* styles.css */,
			);
			sourceTree = "<group>";
		};
		BD73C3E52CC8600A00C47842 /* assets */ = {
			isa = PBXGroup;
			children = (
				BD73C3E82CC9CB3200C47842 /* hero.heic */,
				BD73C3E72CC8623C00C47842 /* hero.png */,
				BD73C3E62CC8623C00C47842 /* logo.png */,
				BD73C3E12CC8600A00C47842 /* CosmonautSuit_en.reality */,
				BD73C3E22CC8600A00C47842 /* sneaker_airforce.usdz */,
				BD73C3E32CC8600A00C47842 /* thumbnail.png */,
				BD73C3E42CC8600A00C47842 /* thumnail-CosmonautSuit.png */,
			);
			name = assets;
			path = ../../../../Desktop/assets;
			sourceTree = "<group>";
		};
/* End PBXGroup section */

/* Begin PBXProject section */
		BD73C3CB2CC84E8800C47842 /* Project object */ = {
			isa = PBXProject;
			attributes = {
				BuildIndependentTargetsInParallel = 1;
				LastUpgradeCheck = 1540;
			};
			buildConfigurationList = BD73C3CE2CC84E8800C47842 /* Build configuration list for PBXProject "spatial-design-project" */;
			compatibilityVersion = "Xcode 14.0";
			developmentRegion = en;
			hasScannedForEncodings = 0;
			knownRegions = (
				en,
				Base,
			);
			mainGroup = BD73C3CA2CC84E8800C47842;
			projectDirPath = "";
			projectRoot = "";
			targets = (
			);
		};
/* End PBXProject section */

/* Begin XCBuildConfiguration section */
		BD73C3CF2CC84E8800C47842 /* Debug */ = {
			isa = XCBuildConfiguration;
			buildSettings = {
			};
			name = Debug;
		};
		BD73C3D02CC84E8800C47842 /* Release */ = {
			isa = XCBuildConfiguration;
			buildSettings = {
			};
			name = Release;
		};
/* End XCBuildConfiguration section */

/* Begin XCConfigurationList section */
		BD73C3CE2CC84E8800C47842 /* Build configuration list for PBXProject "spatial-design-project" */ = {
			isa = XCConfigurationList;
			buildConfigurations = (
				BD73C3CF2CC84E8800C47842 /* Debug */,
				BD73C3D02CC84E8800C47842 /* Release */,
			);
			defaultConfigurationIsVisible = 0;
			defaultConfigurationName = Release;
		};
/* End XCConfigurationList section */
	};
	rootObject = BD73C3CB2CC84E8800C47842 /* Project object */;
}
